
Microsoft Visual Studio Solution File, Format Version 12.00
# Visual Studio 15
VisualStudioVersion = 15.0.26730.12
MinimumVisualStudioVersion = 10.0.40219.1
Project("{FAE04EC0-301F-11D3-BF4B-00C04F79EFBC}") = "GoerFACS_UI", "GoerFACS_UI\GoerFACS_UI.csproj", "{DAA087E9-559B-4440-B252-6198C419CAC9}"
EndProject
Global
	GlobalSection(SolutionConfigurationPlatforms) = preSolution
		Debug|Any CPU = Debug|Any CPU
		Release|Any CPU = Release|Any CPU
	EndGlobalSection
	GlobalSection(ProjectConfigurationPlatforms) = postSolution
		{DAA087E9-559B-4440-B252-6198C419CAC9}.Debug|Any CPU.ActiveCfg = Debug|Any CPU
		{DAA087E9-559B-4440-B252-6198C419CAC9}.Debug|Any CPU.Build.0 = Debug|Any CPU
		{DAA087E9-559B-4440-B252-6198C419CAC9}.Release|Any CPU.ActiveCfg = Release|Any CPU
		{DAA087E9-559B-4440-B252-6198C419CAC9}.Release|Any CPU.Build.0 = Release|Any CPU
	EndGlobalSection
	GlobalSection(SolutionProperties) = preSolution
		HideSolutionNode = FALSE
	EndGlobalSection
	GlobalSection(ExtensibilityGlobals) = postSolution
		SolutionGuid = {6B0E3D95-26A4-4364-8C84-E8AEFB39B76F}
	EndGlobalSection
EndGlobal
